// !$*UTF8*$!
{
	archiveVersion = 1;
	classes = {
	};
	objectVersion = 46;
	objects = {

/* Begin PBXBuildFile section */
		7A4116681DAE1DAC003F7E48 /* AppDelegate.swift in Sources */ = {isa = PBXBuildFile; fileRef = 7A4116671DAE1DAC003F7E48 /* AppDelegate.swift */; };
		7A41166A1DAE1DAC003F7E48 /* ViewController.swift in Sources */ = {isa = PBXBuildFile; fileRef = 7A4116691DAE1DAC003F7E48 /* ViewController.swift */; };
		7A41166D1DAE1DAC003F7E48 /* Main.storyboard in Resources */ = {isa = PBXBuildFile; fileRef = 7A41166B1DAE1DAC003F7E48 /* Main.storyboard */; };
		7A41166F1DAE1DAC003F7E48 /* Assets.xcassets in Resources */ = {isa = PBXBuildFile; fileRef = 7A41166E1DAE1DAC003F7E48 /* Assets.xcassets */; };
		7A4116721DAE1DAC003F7E48 /* LaunchScreen.storyboard in Resources */ = {isa = PBXBuildFile; fileRef = 7A4116701DAE1DAC003F7E48 /* LaunchScreen.storyboard */; };
/* End PBXBuildFile section */

/* Begin PBXFileReference section */
		7A4116641DAE1DAC003F7E48 /* slideTesting.app */ = {isa = PBXFileReference; explicitFileType = wrapper.application; includeInIndex = 0; path = slideTesting.app; sourceTree = BUILT_PRODUCTS_DIR; };
		7A4116671DAE1DAC003F7E48 /* AppDelegate.swift */ = {isa = PBXFileReference; lastKnownFileType = sourcecode.swift; path = AppDelegate.swift; sourceTree = "<group>"; };
		7A4116691DAE1DAC003F7E48 /* ViewController.swift */ = {isa = PBXFileReference; lastKnownFileType = sourcecode.swift; path = ViewController.swift; sourceTree = "<group>"; };
		7A41166C1DAE1DAC003F7E48 /* Base */ = {isa = PBXFileReference; lastKnownFileType = file.storyboard; name = Base; path = Base.lproj/Main.storyboard; sourceTree = "<group>"; };
		7A41166E1DAE1DAC003F7E48 /* Assets.xcassets */ = {isa = PBXFileReference; lastKnownFileType = folder.assetcatalog; path = Assets.xcassets; sourceTree = "<group>"; };
		7A4116711DAE1DAC003F7E48 /* Base */ = {isa = PBXFileReference; lastKnownFileType = file.storyboard; name = Base; path = Base.lproj/LaunchScreen.storyboard; sourceTree = "<group>"; };
		7A4116731DAE1DAC003F7E48 /* Info.plist */ = {isa = PBXFileReference; lastKnownFileType = text.plist.xml; path = Info.plist; sourceTree = "<group>"; };
/* End PBXFileReference section */

/* Begin PBXFrameworksBuildPhase section */
		7A4116611DAE1DAC003F7E48 /* Frameworks */ = {
			isa = PBXFrameworksBuildPhase;
			buildActionMask = 2147483647;
			files = (
			);
			runOnlyForDeploymentPostprocessing = 0;
		};
/* End PBXFrameworksBuildPhase section */

/* Begin PBXGroup section */
		7A41165B1DAE1DAC003F7E48 = {
			isa = PBXGroup;
			children = (
				7A4116661DAE1DAC003F7E48 /* slideTesting */,
				7A4116651DAE1DAC003F7E48 /* Products */,
			);
			sourceTree = "<group>";
		};
		7A4116651DAE1DAC003F7E48 /* Products */ = {
			isa = PBXGroup;
			children = (
				7A4116641DAE1DAC003F7E48 /* slideTesting.app */,
			);
			name = Products;
			sourceTree = "<group>";
		};
		7A4116661DAE1DAC003F7E48 /* slideTesting */ = {
			isa = PBXGroup;
			children = (
				7A4116671DAE1DAC003F7E48 /* AppDelegate.swift */,
				7A4116691DAE1DAC003F7E48 /* ViewController.swift */,
				7A41166B1DAE1DAC003F7E48 /* Main.storyboard */,
				7A41166E1DAE1DAC003F7E48 /* Assets.xcassets */,
				7A4116701DAE1DAC003F7E48 /* LaunchScreen.storyboard */,
				7A4116731DAE1DAC003F7E48 /* Info.plist */,
			);
			path = slideTesting;
			sourceTree = "<group>";
		};
/* End PBXGroup section */

/* Begin PBXNativeTarget section */
		7A4116631DAE1DAC003F7E48 /* slideTesting */ = {
			isa = PBXNativeTarget;
			buildConfigurationList = 7A4116761DAE1DAC003F7E48 /* Build configuration list for PBXNativeTarget "slideTesting" */;
			buildPhases = (
				7A4116601DAE1DAC003F7E48 /* Sources */,
				7A4116611DAE1DAC003F7E48 /* Frameworks */,
				7A4116621DAE1DAC003F7E48 /* Resources */,
			);
			buildRules = (
			);
			dependencies = (
			);
			name = slideTesting;
			productName = slideTesting;
			productReference = 7A4116641DAE1DAC003F7E48 /* slideTesting.app */;
			productType = "com.apple.product-type.application";
		};
/* End PBXNativeTarget section */

/* Begin PBXProject section */
		7A41165C1DAE1DAC003F7E48 /* Project object */ = {
			isa = PBXProject;
			attributes = {
				LastSwiftUpdateCheck = 0810;
				LastUpgradeCheck = 0810;
				ORGANIZATIONNAME = "Bogdan Raduta";
				TargetAttributes = {
					7A4116631DAE1DAC003F7E48 = {
						CreatedOnToolsVersion = 8.1;
						DevelopmentTeam = EH2D3KBVHR;
						ProvisioningStyle = Automatic;
					};
				};
			};
			buildConfigurationList = 7A41165F1DAE1DAC003F7E48 /* Build configuration list for PBXProject "slideTesting" */;
			compatibilityVersion = "Xcode 3.2";
			developmentRegion = English;
			hasScannedForEncodings = 0;
			knownRegions = (
				en,
				Base,
			);
			mainGroup = 7A41165B1DAE1DAC003F7E48;
			productRefGroup = 7A4116651DAE1DAC003F7E48 /* Products */;
			projectDirPath = "";
			projectRoot = "";
			targets = (
				7A4116631DAE1DAC003F7E48 /* slideTesting */,
			);
		};
/* End PBXProject section */

/* Begin PBXResourcesBuildPhase section */
		7A4116621DAE1DAC003F7E48 /* Resources */ = {
			isa = PBXResourcesBuildPhase;
			buildActionMask = 2147483647;
			files = (
				7A4116721DAE1DAC003F7E48 /* LaunchScreen.storyboard in Resources */,
				7A41166F1DAE1DAC003F7E48 /* Assets.xcassets in Resources */,
				7A41166D1DAE1DAC003F7E48 /* Main.storyboard in Resources */,
			);
			runOnlyForDeploymentPostprocessing = 0;
		};
/* End PBXResourcesBuildPhase section */

/* Begin PBXSourcesBuildPhase section */
		7A4116601DAE1DAC003F7E48 /* Sources */ = {
			isa = PBXSourcesBuildPhase;
			buildActionMask = 2147483647;
			files = (
				7A41166A1DAE1DAC003F7E48 /* ViewController.swift in Sources */,
				7A4116681DAE1DAC003F7E48 /* AppDelegate.swift in Sources */,
			);
			runOnlyForDeploymentPostprocessing = 0;
		};
/* End PBXSourcesBuildPhase section */

/* Begin PBXVariantGroup section */
		7A41166B1DAE1DAC003F7E48 /* Main.storyboard */ = {
			isa = PBXVariantGroup;
			children = (
				7A41166C1DAE1DAC003F7E48 /* Base */,
			);
			name = Main.storyboard;
			sourceTree = "<group>";
		};
		7A4116701DAE1DAC003F7E48 /* LaunchScreen.storyboard */ = {
			isa = PBXVariantGroup;
			children = (
				7A4116711DAE1DAC003F7E48 /* Base */,
			);
			name = LaunchScreen.storyboard;
			sourceTree = "<group>";
		};
/* End PBXVariantGroup section */

/* Begin XCBuildConfiguration section */
		7A4116741DAE1DAC003F7E48 /* Debug */ = {
			isa = XCBuildConfiguration;
			buildSettings = {
				ALWAYS_SEARCH_USER_PATHS = NO;
				CLANG_ANALYZER_NONNULL = YES;
				CLANG_CXX_LANGUAGE_STANDARD = "gnu++0x";
				CLANG_CXX_LIBRARY = "libc++";
				CLANG_ENABLE_MODULES = YES;
				CLANG_ENABLE_OBJC_ARC = YES;
				CLANG_WARN_BOOL_CONVERSION = YES;
				CLANG_WARN_CONSTANT_CONVERSION = YES;
				CLANG_WARN_DIRECT_OBJC_ISA_USAGE = YES_ERROR;
				CLANG_WARN_DOCUMENTATION_COMMENTS = YES;
				CLANG_WARN_EMPTY_BODY = YES;
				CLANG_WARN_ENUM_CONVERSION = YES;
				CLANG_WARN_INFINITE_RECURSION = YES;
				CLANG_WARN_INT_CONVERSION = YES;
				CLANG_WARN_OBJC_ROOT_CLASS = YES_ERROR;
				CLANG_WARN_SUSPICIOUS_MOVES = YES;
				CLANG_WARN_UNREACHABLE_CODE = YES;
				CLANG_WARN__DUPLICATE_METHOD_MATCH = YES;
				"CODE_SIGN_IDENTITY[sdk=iphoneos*]" = "iPhone Developer";
				COPY_PHASE_STRIP = NO;
				DEBUG_INFORMATION_FORMAT = dwarf;
				ENABLE_STRICT_OBJC_MSGSEND = YES;
				ENABLE_TESTABILITY = YES;
				GCC_C_LANGUAGE_STANDARD = gnu99;
				GCC_DYNAMIC_NO_PIC = NO;
				GCC_NO_COMMON_BLOCKS = YES;
				GCC_OPTIMIZATION_LEVEL = 0;
				GCC_PREPROCESSOR_DEFINITIONS = (
					"DEBUG=1",
					"$(inherited)",
				);
				GCC_WARN_64_TO_32_BIT_CONVERSION = YES;
				GCC_WARN_ABOUT_RETURN_TYPE = YES_ERROR;
				GCC_WARN_UNDECLARED_SELECTOR = YES;
				GCC_WARN_UNINITIALIZED_AUTOS = YES_AGGRESSIVE;
				GCC_WARN_UNUSED_FUNCTION = YES;
				GCC_WARN_UNUSED_VARIABLE = YES;
				IPHONEOS_DEPLOYMENT_TARGET = 10.1;
				MTL_ENABLE_DEBUG_INFO = YES;
				ONLY_ACTIVE_ARCH = YES;
				SDKROOT = iphoneos;
				SWIFT_ACTIVE_COMPILATION_CONDITIONS = DEBUG;
				SWIFT_OPTIMIZATION_LEVEL = "-Onone";
			};
			name = Debug;
		};
		7A4116751DAE1DAC003F7E48 /* Release */ = {
			isa = XCBuildConfiguration;
			buildSettings = {
				ALWAYS_SEARCH_USER_PATHS = NO;
				CLANG_ANALYZER_NONNULL = YES;
				CLANG_CXX_LANGUAGE_STANDARD = "gnu++0x";
				CLANG_CXX_LIBRARY = "libc++";
				CLANG_ENABLE_MODULES = YES;
				CLANG_ENABLE_OBJC_ARC = YES;
				CLANG_WARN_BOOL_CONVERSION = YES;
				CLANG_WARN_CONSTANT_CONVERSION = YES;
				CLANG_WARN_DIRECT_OBJC_ISA_USAGE = YES_ERROR;
				CLANG_WARN_DOCUMENTATION_COMMENTS = YES;
				CLANG_WARN_EMPTY_BODY = YES;
				CLANG_WARN_ENUM_CONVERSION = YES;
				CLANG_WARN_INFINITE_RECURSION = YES;
				CLANG_WARN_INT_CONVERSION = YES;
				CLANG_WARN_OBJC_ROOT_CLASS = YES_ERROR;
				CLANG_WARN_SUSPICIOUS_MOVES = YES;
				CLANG_WARN_UNREACHABLE_CODE = YES;
				CLANG_WARN__DUPLICATE_METHOD_MATCH = YES;
				"CODE_SIGN_IDENTITY[sdk=iphoneos*]" = "iPhone Developer";
				COPY_PHASE_STRIP = NO;
				DEBUG_INFORMATION_FORMAT = "dwarf-with-dsym";
				ENABLE_NS_ASSERTIONS = NO;
				ENABLE_STRICT_OBJC_MSGSEND = YES;
				GCC_C_LANGUAGE_STANDARD = gnu99;
				GCC_NO_COMMON_BLOCKS = YES;
				GCC_WARN_64_TO_32_BIT_CONVERSION = YES;
				GCC_WARN_ABOUT_RETURN_TYPE = YES_ERROR;
				GCC_WARN_UNDECLARED_SELECTOR = YES;
				GCC_WARN_UNINITIALIZED_AUTOS = YES_AGGRESSIVE;
				GCC_WARN_UNUSED_FUNCTION = YES;
				GCC_WARN_UNUSED_VARIABLE = YES;
				IPHONEOS_DEPLOYMENT_TARGET = 10.1;
				MTL_ENABLE_DEBUG_INFO = NO;
				SDKROOT = iphoneos;
				SWIFT_OPTIMIZATION_LEVEL = "-Owholemodule";
				VALIDATE_PRODUCT = YES;
			};
			name = Release;
		};
		7A4116771DAE1DAC003F7E48 /* Debug */ = {
			isa = XCBuildConfiguration;
			buildSettings = {
				ASSETCATALOG_COMPILER_APPICON_NAME = AppIcon;
				DEVELOPMENT_TEAM = EH2D3KBVHR;
				INFOPLIST_FILE = slideTesting/Info.plist;
				LD_RUNPATH_SEARCH_PATHS = "$(inherited) @executable_path/Frameworks";
				PRODUCT_BUNDLE_IDENTIFIER = com.happanero.slideTesting;
				PRODUCT_NAME = "$(TARGET_NAME)";
				SWIFT_VERSION = 3.0;
			};
			name = Debug;
		};
		7A4116781DAE1DAC003F7E48 /* Release */ = {
			isa = XCBuildConfiguration;
			buildSettings = {
				ASSETCATALOG_COMPILER_APPICON_NAME = AppIcon;
				DEVELOPMENT_TEAM = EH2D3KBVHR;
				INFOPLIST_FILE = slideTesting/Info.plist;
				LD_RUNPATH_SEARCH_PATHS = "$(inherited) @executable_path/Frameworks";
				PRODUCT_BUNDLE_IDENTIFIER = com.happanero.slideTesting;
				PRODUCT_NAME = "$(TARGET_NAME)";
				SWIFT_VERSION = 3.0;
			};
			name = Release;
		};
/* End XCBuildConfiguration section */

/* Begin XCConfigurationList section */
		7A41165F1DAE1DAC003F7E48 /* Build configuration list for PBXProject "slideTesting" */ = {
			isa = XCConfigurationList;
			buildConfigurations = (
				7A4116741DAE1DAC003F7E48 /* Debug */,
				7A4116751DAE1DAC003F7E48 /* Release */,
			);
			defaultConfigurationIsVisible = 0;
			defaultConfigurationName = Release;
		};
		7A4116761DAE1DAC003F7E48 /* Build configuration list for PBXNativeTarget "slideTesting" */ = {
			isa = XCConfigurationList;
			buildConfigurations = (
				7A4116771DAE1DAC003F7E48 /* Debug */,
				7A4116781DAE1DAC003F7E48 /* Release */,
			);
			defaultConfigurationIsVisible = 0;
		};
/* End XCConfigurationList section */
	};
	rootObject = 7A41165C1DAE1DAC003F7E48 /* Project object */;
}
